
Microsoft Visual Studio Solution File, Format Version 12.00
# Visual Studio Version 17
VisualStudioVersion = 17.14.36804.6 d17.14
MinimumVisualStudioVersion = 10.0.40219.1
Project("{8BC9CEB8-8B4A-11D0-8D11-00A0C91BC942}") = "test_2_11", "test_2_11\test_2_11.vcxproj", "{B98F4577-BF2E-45AD-85AB-28F7A45F1622}"
EndProject
Global
	GlobalSection(SolutionConfigurationPlatforms) = preSolution
		Debug|x64 = Debug|x64
		Debug|x86 = Debug|x86
		Release|x64 = Release|x64
		Release|x86 = Release|x86
	EndGlobalSection
	GlobalSection(ProjectConfigurationPlatforms) = postSolution
		{B98F4577-BF2E-45AD-85AB-28F7A45F1622}.Debug|x64.ActiveCfg = Debug|x64
		{B98F4577-BF2E-45AD-85AB-28F7A45F1622}.Debug|x64.Build.0 = Debug|x64
		{B98F4577-BF2E-45AD-85AB-28F7A45F1622}.Debug|x86.ActiveCfg = Debug|Win32
		{B98F4577-BF2E-45AD-85AB-28F7A45F1622}.Debug|x86.Build.0 = Debug|Win32
		{B98F4577-BF2E-45AD-85AB-28F7A45F1622}.Release|x64.ActiveCfg = Release|x64
		{B98F4577-BF2E-45AD-85AB-28F7A45F1622}.Release|x64.Build.0 = Release|x64
		{B98F4577-BF2E-45AD-85AB-28F7A45F1622}.Release|x86.ActiveCfg = Release|Win32
		{B98F4577-BF2E-45AD-85AB-28F7A45F1622}.Release|x86.Build.0 = Release|Win32
	EndGlobalSection
	GlobalSection(SolutionProperties) = preSolution
		HideSolutionNode = FALSE
	EndGlobalSection
	GlobalSection(ExtensibilityGlobals) = postSolution
		SolutionGuid = {C8F91499-51EA-467D-BB18-61A6E0F2CF06}
	EndGlobalSection
EndGlobal
